// !$*UTF8*$!
{
	archiveVersion = 1;
	classes = {
	};
	objectVersion = 56;
	objects = {

/* Begin PBXBuildFile section */
		9A1F13612AAF1D2100A33154 /* AppDelegate.swift in Sources */ = {isa = PBXBuildFile; fileRef = 9A1F13532AAF1D1F00A33154 /* AppDelegate.swift */; };
		9A1F13622AAF1D2100A33154 /* SceneDelegate.swift in Sources */ = {isa = PBXBuildFile; fileRef = 9A1F13542AAF1D1F00A33154 /* SceneDelegate.swift */; };
		9A1F13632AAF1D2100A33154 /* GameViewController.swift in Sources */ = {isa = PBXBuildFile; fileRef = 9A1F13592AAF1D2100A33154 /* GameViewController.swift */; };
		9A1F13642AAF1D2100A33154 /* Assets.xcassets in Resources */ = {isa = PBXBuildFile; fileRef = 9A1F135B2AAF1D2100A33154 /* Assets.xcassets */; };
		9A1F13652AAF1D2100A33154 /* LaunchScreen.storyboard in Resources */ = {isa = PBXBuildFile; fileRef = 9A1F135C2AAF1D2100A33154 /* LaunchScreen.storyboard */; };
		9A1F13682AAF1D6200A33154 /* MainCoordinator.swift in Sources */ = {isa = PBXBuildFile; fileRef = 9A1F13672AAF1D6200A33154 /* MainCoordinator.swift */; };
		9A1F136A2AAF1D9A00A33154 /* GameCoordinator.swift in Sources */ = {isa = PBXBuildFile; fileRef = 9A1F13692AAF1D9A00A33154 /* GameCoordinator.swift */; };
		9A1F136C2AAF1DC400A33154 /* TranslationModel.swift in Sources */ = {isa = PBXBuildFile; fileRef = 9A1F136B2AAF1DC400A33154 /* TranslationModel.swift */; };
		9A1F136E2AAF1E1700A33154 /* CoordinatorType.swift in Sources */ = {isa = PBXBuildFile; fileRef = 9A1F136D2AAF1E1700A33154 /* CoordinatorType.swift */; };
		9A1F13702AAF1E4700A33154 /* ControllerType.swift in Sources */ = {isa = PBXBuildFile; fileRef = 9A1F136F2AAF1E4700A33154 /* ControllerType.swift */; };
		9A1F13722AAF1E6C00A33154 /* ViewModelType.swift in Sources */ = {isa = PBXBuildFile; fileRef = 9A1F13712AAF1E6C00A33154 /* ViewModelType.swift */; };
		9A1F13742AAF1F0C00A33154 /* words.json in Resources */ = {isa = PBXBuildFile; fileRef = 9A1F13732AAF1F0C00A33154 /* words.json */; };
		9A1F13762AAF1F2A00A33154 /* TranslationServices.swift in Sources */ = {isa = PBXBuildFile; fileRef = 9A1F13752AAF1F2A00A33154 /* TranslationServices.swift */; };
		9A1F13782AAF1F7100A33154 /* GameViewModel.swift in Sources */ = {isa = PBXBuildFile; fileRef = 9A1F13772AAF1F7100A33154 /* GameViewModel.swift */; };
		9AB000CC2AAF0F7300DE7B86 /* GameViewModelTests.swift in Sources */ = {isa = PBXBuildFile; fileRef = 9AB000CB2AAF0F7300DE7B86 /* GameViewModelTests.swift */; };
		9AB000D62AAF0F7300DE7B86 /* WordGameUITests.swift in Sources */ = {isa = PBXBuildFile; fileRef = 9AB000D52AAF0F7300DE7B86 /* WordGameUITests.swift */; };
		9AB000D82AAF0F7300DE7B86 /* WordGameUITestsLaunchTests.swift in Sources */ = {isa = PBXBuildFile; fileRef = 9AB000D72AAF0F7300DE7B86 /* WordGameUITestsLaunchTests.swift */; };
/* End PBXBuildFile section */

/* Begin PBXContainerItemProxy section */
		9AB000C82AAF0F7300DE7B86 /* PBXContainerItemProxy */ = {
			isa = PBXContainerItemProxy;
			containerPortal = 9AB000A92AAF0F7200DE7B86 /* Project object */;
			proxyType = 1;
			remoteGlobalIDString = 9AB000B02AAF0F7200DE7B86;
			remoteInfo = WordGame;
		};
		9AB000D22AAF0F7300DE7B86 /* PBXContainerItemProxy */ = {
			isa = PBXContainerItemProxy;
			containerPortal = 9AB000A92AAF0F7200DE7B86 /* Project object */;
			proxyType = 1;
			remoteGlobalIDString = 9AB000B02AAF0F7200DE7B86;
			remoteInfo = WordGame;
		};
/* End PBXContainerItemProxy section */

/* Begin PBXFileReference section */
		9A1F13532AAF1D1F00A33154 /* AppDelegate.swift */ = {isa = PBXFileReference; fileEncoding = 4; lastKnownFileType = sourcecode.swift; path = AppDelegate.swift; sourceTree = "<group>"; };
		9A1F13542AAF1D1F00A33154 /* SceneDelegate.swift */ = {isa = PBXFileReference; fileEncoding = 4; lastKnownFileType = sourcecode.swift; path = SceneDelegate.swift; sourceTree = "<group>"; };
		9A1F13592AAF1D2100A33154 /* GameViewController.swift */ = {isa = PBXFileReference; fileEncoding = 4; lastKnownFileType = sourcecode.swift; path = GameViewController.swift; sourceTree = "<group>"; };
		9A1F135B2AAF1D2100A33154 /* Assets.xcassets */ = {isa = PBXFileReference; lastKnownFileType = folder.assetcatalog; path = Assets.xcassets; sourceTree = "<group>"; };
		9A1F135D2AAF1D2100A33154 /* Base */ = {isa = PBXFileReference; lastKnownFileType = file.storyboard; name = Base; path = Base.lproj/LaunchScreen.storyboard; sourceTree = "<group>"; };
		9A1F13672AAF1D6200A33154 /* MainCoordinator.swift */ = {isa = PBXFileReference; lastKnownFileType = sourcecode.swift; path = MainCoordinator.swift; sourceTree = "<group>"; };
		9A1F13692AAF1D9A00A33154 /* GameCoordinator.swift */ = {isa = PBXFileReference; lastKnownFileType = sourcecode.swift; path = GameCoordinator.swift; sourceTree = "<group>"; };
		9A1F136B2AAF1DC400A33154 /* TranslationModel.swift */ = {isa = PBXFileReference; lastKnownFileType = sourcecode.swift; path = TranslationModel.swift; sourceTree = "<group>"; };
		9A1F136D2AAF1E1700A33154 /* CoordinatorType.swift */ = {isa = PBXFileReference; lastKnownFileType = sourcecode.swift; path = CoordinatorType.swift; sourceTree = "<group>"; };
		9A1F136F2AAF1E4700A33154 /* ControllerType.swift */ = {isa = PBXFileReference; lastKnownFileType = sourcecode.swift; path = ControllerType.swift; sourceTree = "<group>"; };
		9A1F13712AAF1E6C00A33154 /* ViewModelType.swift */ = {isa = PBXFileReference; lastKnownFileType = sourcecode.swift; path = ViewModelType.swift; sourceTree = "<group>"; };
		9A1F13732AAF1F0C00A33154 /* words.json */ = {isa = PBXFileReference; fileEncoding = 4; lastKnownFileType = text.json; path = words.json; sourceTree = "<group>"; };
		9A1F13752AAF1F2A00A33154 /* TranslationServices.swift */ = {isa = PBXFileReference; lastKnownFileType = sourcecode.swift; path = TranslationServices.swift; sourceTree = "<group>"; };
		9A1F13772AAF1F7100A33154 /* GameViewModel.swift */ = {isa = PBXFileReference; lastKnownFileType = sourcecode.swift; path = GameViewModel.swift; sourceTree = "<group>"; };
		9AB000B12AAF0F7200DE7B86 /* WordGame.app */ = {isa = PBXFileReference; explicitFileType = wrapper.application; includeInIndex = 0; path = WordGame.app; sourceTree = BUILT_PRODUCTS_DIR; };
		9AB000C22AAF0F7300DE7B86 /* Info.plist */ = {isa = PBXFileReference; lastKnownFileType = text.plist.xml; path = Info.plist; sourceTree = "<group>"; };
		9AB000C72AAF0F7300DE7B86 /* WordGameTests.xctest */ = {isa = PBXFileReference; explicitFileType = wrapper.cfbundle; includeInIndex = 0; path = WordGameTests.xctest; sourceTree = BUILT_PRODUCTS_DIR; };
		9AB000CB2AAF0F7300DE7B86 /* GameViewModelTests.swift */ = {isa = PBXFileReference; lastKnownFileType = sourcecode.swift; path = GameViewModelTests.swift; sourceTree = "<group>"; };
		9AB000D12AAF0F7300DE7B86 /* WordGameUITests.xctest */ = {isa = PBXFileReference; explicitFileType = wrapper.cfbundle; includeInIndex = 0; path = WordGameUITests.xctest; sourceTree = BUILT_PRODUCTS_DIR; };
		9AB000D52AAF0F7300DE7B86 /* WordGameUITests.swift */ = {isa = PBXFileReference; lastKnownFileType = sourcecode.swift; path = WordGameUITests.swift; sourceTree = "<group>"; };
		9AB000D72AAF0F7300DE7B86 /* WordGameUITestsLaunchTests.swift */ = {isa = PBXFileReference; lastKnownFileType = sourcecode.swift; path = WordGameUITestsLaunchTests.swift; sourceTree = "<group>"; };
/* End PBXFileReference section */

/* Begin PBXFrameworksBuildPhase section */
		9AB000AE2AAF0F7200DE7B86 /* Frameworks */ = {
			isa = PBXFrameworksBuildPhase;
			buildActionMask = 2147483647;
			files = (
			);
			runOnlyForDeploymentPostprocessing = 0;
		};
		9AB000C42AAF0F7300DE7B86 /* Frameworks */ = {
			isa = PBXFrameworksBuildPhase;
			buildActionMask = 2147483647;
			files = (
			);
			runOnlyForDeploymentPostprocessing = 0;
		};
		9AB000CE2AAF0F7300DE7B86 /* Frameworks */ = {
			isa = PBXFrameworksBuildPhase;
			buildActionMask = 2147483647;
			files = (
			);
			runOnlyForDeploymentPostprocessing = 0;
		};
/* End PBXFrameworksBuildPhase section */

/* Begin PBXGroup section */
		9A1F13512AAF1D1F00A33154 /* ViewModels */ = {
			isa = PBXGroup;
			children = (
				9A1F13772AAF1F7100A33154 /* GameViewModel.swift */,
			);
			path = ViewModels;
			sourceTree = "<group>";
		};
		9A1F13522AAF1D1F00A33154 /* Application */ = {
			isa = PBXGroup;
			children = (
				9A1F13532AAF1D1F00A33154 /* AppDelegate.swift */,
				9A1F13542AAF1D1F00A33154 /* SceneDelegate.swift */,
			);
			path = Application;
			sourceTree = "<group>";
		};
		9A1F13552AAF1D2000A33154 /* Protocols */ = {
			isa = PBXGroup;
			children = (
				9A1F136D2AAF1E1700A33154 /* CoordinatorType.swift */,
				9A1F136F2AAF1E4700A33154 /* ControllerType.swift */,
				9A1F13712AAF1E6C00A33154 /* ViewModelType.swift */,
			);
			path = Protocols;
			sourceTree = "<group>";
		};
		9A1F13562AAF1D2000A33154 /* Services */ = {
			isa = PBXGroup;
			children = (
				9A1F13752AAF1F2A00A33154 /* TranslationServices.swift */,
			);
			path = Services;
			sourceTree = "<group>";
		};
		9A1F13572AAF1D2000A33154 /* Models */ = {
			isa = PBXGroup;
			children = (
				9A1F136B2AAF1DC400A33154 /* TranslationModel.swift */,
			);
			path = Models;
			sourceTree = "<group>";
		};
		9A1F13582AAF1D2100A33154 /* Views */ = {
			isa = PBXGroup;
			children = (
				9A1F13592AAF1D2100A33154 /* GameViewController.swift */,
			);
			path = Views;
			sourceTree = "<group>";
		};
		9A1F135A2AAF1D2100A33154 /* Resources */ = {
			isa = PBXGroup;
			children = (
				9A1F13732AAF1F0C00A33154 /* words.json */,
				9A1F135B2AAF1D2100A33154 /* Assets.xcassets */,
				9A1F135C2AAF1D2100A33154 /* LaunchScreen.storyboard */,
			);
			path = Resources;
			sourceTree = "<group>";
		};
		9A1F13602AAF1D2100A33154 /* Coordinators */ = {
			isa = PBXGroup;
			children = (
				9A1F13672AAF1D6200A33154 /* MainCoordinator.swift */,
				9A1F13692AAF1D9A00A33154 /* GameCoordinator.swift */,
			);
			path = Coordinators;
			sourceTree = "<group>";
		};
		9AB000A82AAF0F7200DE7B86 = {
			isa = PBXGroup;
			children = (
				9AB000B32AAF0F7200DE7B86 /* WordGame */,
				9AB000CA2AAF0F7300DE7B86 /* WordGameTests */,
				9AB000D42AAF0F7300DE7B86 /* WordGameUITests */,
				9AB000B22AAF0F7200DE7B86 /* Products */,
			);
			sourceTree = "<group>";
		};
		9AB000B22AAF0F7200DE7B86 /* Products */ = {
			isa = PBXGroup;
			children = (
				9AB000B12AAF0F7200DE7B86 /* WordGame.app */,
				9AB000C72AAF0F7300DE7B86 /* WordGameTests.xctest */,
				9AB000D12AAF0F7300DE7B86 /* WordGameUITests.xctest */,
			);
			name = Products;
			sourceTree = "<group>";
		};
		9AB000B32AAF0F7200DE7B86 /* WordGame */ = {
			isa = PBXGroup;
			children = (
				9AB000C22AAF0F7300DE7B86 /* Info.plist */,
				9A1F13522AAF1D1F00A33154 /* Application */,
				9A1F13602AAF1D2100A33154 /* Coordinators */,
				9A1F13572AAF1D2000A33154 /* Models */,
				9A1F13552AAF1D2000A33154 /* Protocols */,
				9A1F135A2AAF1D2100A33154 /* Resources */,
				9A1F13562AAF1D2000A33154 /* Services */,
				9A1F13512AAF1D1F00A33154 /* ViewModels */,
				9A1F13582AAF1D2100A33154 /* Views */,
			);
			path = WordGame;
			sourceTree = "<group>";
		};
		9AB000CA2AAF0F7300DE7B86 /* WordGameTests */ = {
			isa = PBXGroup;
			children = (
				9AB000CB2AAF0F7300DE7B86 /* GameViewModelTests.swift */,
			);
			path = WordGameTests;
			sourceTree = "<group>";
		};
		9AB000D42AAF0F7300DE7B86 /* WordGameUITests */ = {
			isa = PBXGroup;
			children = (
				9AB000D52AAF0F7300DE7B86 /* WordGameUITests.swift */,
				9AB000D72AAF0F7300DE7B86 /* WordGameUITestsLaunchTests.swift */,
			);
			path = WordGameUITests;
			sourceTree = "<group>";
		};
/* End PBXGroup section */

/* Begin PBXNativeTarget section */
		9AB000B02AAF0F7200DE7B86 /* WordGame */ = {
			isa = PBXNativeTarget;
			buildConfigurationList = 9AB000DB2AAF0F7300DE7B86 /* Build configuration list for PBXNativeTarget "WordGame" */;
			buildPhases = (
				9AB000AD2AAF0F7200DE7B86 /* Sources */,
				9AB000AE2AAF0F7200DE7B86 /* Frameworks */,
				9AB000AF2AAF0F7200DE7B86 /* Resources */,
			);
			buildRules = (
			);
			dependencies = (
			);
			name = WordGame;
			productName = WordGame;
			productReference = 9AB000B12AAF0F7200DE7B86 /* WordGame.app */;
			productType = "com.apple.product-type.application";
		};
		9AB000C62AAF0F7300DE7B86 /* WordGameTests */ = {
			isa = PBXNativeTarget;
			buildConfigurationList = 9AB000DE2AAF0F7300DE7B86 /* Build configuration list for PBXNativeTarget "WordGameTests" */;
			buildPhases = (
				9AB000C32AAF0F7300DE7B86 /* Sources */,
				9AB000C42AAF0F7300DE7B86 /* Frameworks */,
				9AB000C52AAF0F7300DE7B86 /* Resources */,
			);
			buildRules = (
			);
			dependencies = (
				9AB000C92AAF0F7300DE7B86 /* PBXTargetDependency */,
			);
			name = WordGameTests;
			productName = WordGameTests;
			productReference = 9AB000C72AAF0F7300DE7B86 /* WordGameTests.xctest */;
			productType = "com.apple.product-type.bundle.unit-test";
		};
		9AB000D02AAF0F7300DE7B86 /* WordGameUITests */ = {
			isa = PBXNativeTarget;
			buildConfigurationList = 9AB000E12AAF0F7300DE7B86 /* Build configuration list for PBXNativeTarget "WordGameUITests" */;
			buildPhases = (
				9AB000CD2AAF0F7300DE7B86 /* Sources */,
				9AB000CE2AAF0F7300DE7B86 /* Frameworks */,
				9AB000CF2AAF0F7300DE7B86 /* Resources */,
			);
			buildRules = (
			);
			dependencies = (
				9AB000D32AAF0F7300DE7B86 /* PBXTargetDependency */,
			);
			name = WordGameUITests;
			productName = WordGameUITests;
			productReference = 9AB000D12AAF0F7300DE7B86 /* WordGameUITests.xctest */;
			productType = "com.apple.product-type.bundle.ui-testing";
		};
/* End PBXNativeTarget section */

/* Begin PBXProject section */
		9AB000A92AAF0F7200DE7B86 /* Project object */ = {
			isa = PBXProject;
			attributes = {
				BuildIndependentTargetsInParallel = 1;
				LastSwiftUpdateCheck = 1430;
				LastUpgradeCheck = 1430;
				TargetAttributes = {
					9AB000B02AAF0F7200DE7B86 = {
						CreatedOnToolsVersion = 14.3.1;
					};
					9AB000C62AAF0F7300DE7B86 = {
						CreatedOnToolsVersion = 14.3.1;
						TestTargetID = 9AB000B02AAF0F7200DE7B86;
					};
					9AB000D02AAF0F7300DE7B86 = {
						CreatedOnToolsVersion = 14.3.1;
						TestTargetID = 9AB000B02AAF0F7200DE7B86;
					};
				};
			};
			buildConfigurationList = 9AB000AC2AAF0F7200DE7B86 /* Build configuration list for PBXProject "WordGame" */;
			compatibilityVersion = "Xcode 14.0";
			developmentRegion = en;
			hasScannedForEncodings = 0;
			knownRegions = (
				en,
				Base,
			);
			mainGroup = 9AB000A82AAF0F7200DE7B86;
			productRefGroup = 9AB000B22AAF0F7200DE7B86 /* Products */;
			projectDirPath = "";
			projectRoot = "";
			targets = (
				9AB000B02AAF0F7200DE7B86 /* WordGame */,
				9AB000C62AAF0F7300DE7B86 /* WordGameTests */,
				9AB000D02AAF0F7300DE7B86 /* WordGameUITests */,
			);
		};
/* End PBXProject section */

/* Begin PBXResourcesBuildPhase section */
		9AB000AF2AAF0F7200DE7B86 /* Resources */ = {
			isa = PBXResourcesBuildPhase;
			buildActionMask = 2147483647;
			files = (
				9A1F13742AAF1F0C00A33154 /* words.json in Resources */,
				9A1F13642AAF1D2100A33154 /* Assets.xcassets in Resources */,
				9A1F13652AAF1D2100A33154 /* LaunchScreen.storyboard in Resources */,
			);
			runOnlyForDeploymentPostprocessing = 0;
		};
		9AB000C52AAF0F7300DE7B86 /* Resources */ = {
			isa = PBXResourcesBuildPhase;
			buildActionMask = 2147483647;
			files = (
			);
			runOnlyForDeploymentPostprocessing = 0;
		};
		9AB000CF2AAF0F7300DE7B86 /* Resources */ = {
			isa = PBXResourcesBuildPhase;
			buildActionMask = 2147483647;
			files = (
			);
			runOnlyForDeploymentPostprocessing = 0;
		};
/* End PBXResourcesBuildPhase section */

/* Begin PBXSourcesBuildPhase section */
		9AB000AD2AAF0F7200DE7B86 /* Sources */ = {
			isa = PBXSourcesBuildPhase;
			buildActionMask = 2147483647;
			files = (
				9A1F136E2AAF1E1700A33154 /* CoordinatorType.swift in Sources */,
				9A1F136A2AAF1D9A00A33154 /* GameCoordinator.swift in Sources */,
				9A1F13632AAF1D2100A33154 /* GameViewController.swift in Sources */,
				9A1F13782AAF1F7100A33154 /* GameViewModel.swift in Sources */,
				9A1F13682AAF1D6200A33154 /* MainCoordinator.swift in Sources */,
				9A1F13612AAF1D2100A33154 /* AppDelegate.swift in Sources */,
				9A1F13702AAF1E4700A33154 /* ControllerType.swift in Sources */,
				9A1F13622AAF1D2100A33154 /* SceneDelegate.swift in Sources */,
				9A1F136C2AAF1DC400A33154 /* TranslationModel.swift in Sources */,
				9A1F13722AAF1E6C00A33154 /* ViewModelType.swift in Sources */,
				9A1F13762AAF1F2A00A33154 /* TranslationServices.swift in Sources */,
			);
			runOnlyForDeploymentPostprocessing = 0;
		};
		9AB000C32AAF0F7300DE7B86 /* Sources */ = {
			isa = PBXSourcesBuildPhase;
			buildActionMask = 2147483647;
			files = (
				9AB000CC2AAF0F7300DE7B86 /* GameViewModelTests.swift in Sources */,
			);
			runOnlyForDeploymentPostprocessing = 0;
		};
		9AB000CD2AAF0F7300DE7B86 /* Sources */ = {
			isa = PBXSourcesBuildPhase;
			buildActionMask = 2147483647;
			files = (
				9AB000D82AAF0F7300DE7B86 /* WordGameUITestsLaunchTests.swift in Sources */,
				9AB000D62AAF0F7300DE7B86 /* WordGameUITests.swift in Sources */,
			);
			runOnlyForDeploymentPostprocessing = 0;
		};
/* End PBXSourcesBuildPhase section */

/* Begin PBXTargetDependency section */
		9AB000C92AAF0F7300DE7B86 /* PBXTargetDependency */ = {
			isa = PBXTargetDependency;
			target = 9AB000B02AAF0F7200DE7B86 /* WordGame */;
			targetProxy = 9AB000C82AAF0F7300DE7B86 /* PBXContainerItemProxy */;
		};
		9AB000D32AAF0F7300DE7B86 /* PBXTargetDependency */ = {
			isa = PBXTargetDependency;
			target = 9AB000B02AAF0F7200DE7B86 /* WordGame */;
			targetProxy = 9AB000D22AAF0F7300DE7B86 /* PBXContainerItemProxy */;
		};
/* End PBXTargetDependency section */

/* Begin PBXVariantGroup section */
		9A1F135C2AAF1D2100A33154 /* LaunchScreen.storyboard */ = {
			isa = PBXVariantGroup;
			children = (
				9A1F135D2AAF1D2100A33154 /* Base */,
			);
			name = LaunchScreen.storyboard;
			sourceTree = "<group>";
		};
/* End PBXVariantGroup section */

/* Begin XCBuildConfiguration section */
		9AB000D92AAF0F7300DE7B86 /* Debug */ = {
			isa = XCBuildConfiguration;
			buildSettings = {
				ALWAYS_SEARCH_USER_PATHS = NO;
				CLANG_ANALYZER_NONNULL = YES;
				CLANG_ANALYZER_NUMBER_OBJECT_CONVERSION = YES_AGGRESSIVE;
				CLANG_CXX_LANGUAGE_STANDARD = "gnu++20";
				CLANG_ENABLE_MODULES = YES;
				CLANG_ENABLE_OBJC_ARC = YES;
				CLANG_ENABLE_OBJC_WEAK = YES;
				CLANG_WARN_BLOCK_CAPTURE_AUTORELEASING = YES;
				CLANG_WARN_BOOL_CONVERSION = YES;
				CLANG_WARN_COMMA = YES;
				CLANG_WARN_CONSTANT_CONVERSION = YES;
				CLANG_WARN_DEPRECATED_OBJC_IMPLEMENTATIONS = YES;
				CLANG_WARN_DIRECT_OBJC_ISA_USAGE = YES_ERROR;
				CLANG_WARN_DOCUMENTATION_COMMENTS = YES;
				CLANG_WARN_EMPTY_BODY = YES;
				CLANG_WARN_ENUM_CONVERSION = YES;
				CLANG_WARN_INFINITE_RECURSION = YES;
				CLANG_WARN_INT_CONVERSION = YES;
				CLANG_WARN_NON_LITERAL_NULL_CONVERSION = YES;
				CLANG_WARN_OBJC_IMPLICIT_RETAIN_SELF = YES;
				CLANG_WARN_OBJC_LITERAL_CONVERSION = YES;
				CLANG_WARN_OBJC_ROOT_CLASS = YES_ERROR;
				CLANG_WARN_QUOTED_INCLUDE_IN_FRAMEWORK_HEADER = YES;
				CLANG_WARN_RANGE_LOOP_ANALYSIS = YES;
				CLANG_WARN_STRICT_PROTOTYPES = YES;
				CLANG_WARN_SUSPICIOUS_MOVE = YES;
				CLANG_WARN_UNGUARDED_AVAILABILITY = YES_AGGRESSIVE;
				CLANG_WARN_UNREACHABLE_CODE = YES;
				CLANG_WARN__DUPLICATE_METHOD_MATCH = YES;
				COPY_PHASE_STRIP = NO;
				DEBUG_INFORMATION_FORMAT = dwarf;
				ENABLE_STRICT_OBJC_MSGSEND = YES;
				ENABLE_TESTABILITY = YES;
				GCC_C_LANGUAGE_STANDARD = gnu11;
				GCC_DYNAMIC_NO_PIC = NO;
				GCC_NO_COMMON_BLOCKS = YES;
				GCC_OPTIMIZATION_LEVEL = 0;
				GCC_PREPROCESSOR_DEFINITIONS = (
					"DEBUG=1",
					"$(inherited)",
				);
				GCC_WARN_64_TO_32_BIT_CONVERSION = YES;
				GCC_WARN_ABOUT_RETURN_TYPE = YES_ERROR;
				GCC_WARN_UNDECLARED_SELECTOR = YES;
				GCC_WARN_UNINITIALIZED_AUTOS = YES_AGGRESSIVE;
				GCC_WARN_UNUSED_FUNCTION = YES;
				GCC_WARN_UNUSED_VARIABLE = YES;
				IPHONEOS_DEPLOYMENT_TARGET = 16.4;
				MTL_ENABLE_DEBUG_INFO = INCLUDE_SOURCE;
				MTL_FAST_MATH = YES;
				ONLY_ACTIVE_ARCH = YES;
				SDKROOT = iphoneos;
				SWIFT_ACTIVE_COMPILATION_CONDITIONS = DEBUG;
				SWIFT_OPTIMIZATION_LEVEL = "-Onone";
			};
			name = Debug;
		};
		9AB000DA2AAF0F7300DE7B86 /* Release */ = {
			isa = XCBuildConfiguration;
			buildSettings = {
				ALWAYS_SEARCH_USER_PATHS = NO;
				CLANG_ANALYZER_NONNULL = YES;
				CLANG_ANALYZER_NUMBER_OBJECT_CONVERSION = YES_AGGRESSIVE;
				CLANG_CXX_LANGUAGE_STANDARD = "gnu++20";
				CLANG_ENABLE_MODULES = YES;
				CLANG_ENABLE_OBJC_ARC = YES;
				CLANG_ENABLE_OBJC_WEAK = YES;
				CLANG_WARN_BLOCK_CAPTURE_AUTORELEASING = YES;
				CLANG_WARN_BOOL_CONVERSION = YES;
				CLANG_WARN_COMMA = YES;
				CLANG_WARN_CONSTANT_CONVERSION = YES;
				CLANG_WARN_DEPRECATED_OBJC_IMPLEMENTATIONS = YES;
				CLANG_WARN_DIRECT_OBJC_ISA_USAGE = YES_ERROR;
				CLANG_WARN_DOCUMENTATION_COMMENTS = YES;
				CLANG_WARN_EMPTY_BODY = YES;
				CLANG_WARN_ENUM_CONVERSION = YES;
				CLANG_WARN_INFINITE_RECURSION = YES;
				CLANG_WARN_INT_CONVERSION = YES;
				CLANG_WARN_NON_LITERAL_NULL_CONVERSION = YES;
				CLANG_WARN_OBJC_IMPLICIT_RETAIN_SELF = YES;
				CLANG_WARN_OBJC_LITERAL_CONVERSION = YES;
				CLANG_WARN_OBJC_ROOT_CLASS = YES_ERROR;
				CLANG_WARN_QUOTED_INCLUDE_IN_FRAMEWORK_HEADER = YES;
				CLANG_WARN_RANGE_LOOP_ANALYSIS = YES;
				CLANG_WARN_STRICT_PROTOTYPES = YES;
				CLANG_WARN_SUSPICIOUS_MOVE = YES;
				CLANG_WARN_UNGUARDED_AVAILABILITY = YES_AGGRESSIVE;
				CLANG_WARN_UNREACHABLE_CODE = YES;
				CLANG_WARN__DUPLICATE_METHOD_MATCH = YES;
				COPY_PHASE_STRIP = NO;
				DEBUG_INFORMATION_FORMAT = "dwarf-with-dsym";
				ENABLE_NS_ASSERTIONS = NO;
				ENABLE_STRICT_OBJC_MSGSEND = YES;
				GCC_C_LANGUAGE_STANDARD = gnu11;
				GCC_NO_COMMON_BLOCKS = YES;
				GCC_WARN_64_TO_32_BIT_CONVERSION = YES;
				GCC_WARN_ABOUT_RETURN_TYPE = YES_ERROR;
				GCC_WARN_UNDECLARED_SELECTOR = YES;
				GCC_WARN_UNINITIALIZED_AUTOS = YES_AGGRESSIVE;
				GCC_WARN_UNUSED_FUNCTION = YES;
				GCC_WARN_UNUSED_VARIABLE = YES;
				IPHONEOS_DEPLOYMENT_TARGET = 16.4;
				MTL_ENABLE_DEBUG_INFO = NO;
				MTL_FAST_MATH = YES;
				SDKROOT = iphoneos;
				SWIFT_COMPILATION_MODE = wholemodule;
				SWIFT_OPTIMIZATION_LEVEL = "-O";
				VALIDATE_PRODUCT = YES;
			};
			name = Release;
		};
		9AB000DC2AAF0F7300DE7B86 /* Debug */ = {
			isa = XCBuildConfiguration;
			buildSettings = {
				ASSETCATALOG_COMPILER_APPICON_NAME = AppIcon;
				ASSETCATALOG_COMPILER_GLOBAL_ACCENT_COLOR_NAME = AccentColor;
				CODE_SIGN_STYLE = Automatic;
				CURRENT_PROJECT_VERSION = 1;
				DEVELOPMENT_TEAM = 38NYX8Z2ND;
				GENERATE_INFOPLIST_FILE = YES;
				INFOPLIST_FILE = WordGame/Info.plist;
				INFOPLIST_KEY_UIApplicationSupportsIndirectInputEvents = YES;
				INFOPLIST_KEY_UILaunchStoryboardName = LaunchScreen;
				INFOPLIST_KEY_UIMainStoryboardFile = "";
				INFOPLIST_KEY_UISupportedInterfaceOrientations = UIInterfaceOrientationPortrait;
				INFOPLIST_KEY_UISupportedInterfaceOrientations_iPad = "UIInterfaceOrientationLandscapeLeft UIInterfaceOrientationLandscapeRight UIInterfaceOrientationPortrait UIInterfaceOrientationPortraitUpsideDown";
				LD_RUNPATH_SEARCH_PATHS = (
					"$(inherited)",
					"@executable_path/Frameworks",
				);
				MARKETING_VERSION = 1.0;
				PRODUCT_BUNDLE_IDENTIFIER = com.charmy.WordGame;
				PRODUCT_NAME = "$(TARGET_NAME)";
				SUPPORTED_PLATFORMS = "iphoneos iphonesimulator";
				SUPPORTS_MACCATALYST = NO;
				SUPPORTS_MAC_DESIGNED_FOR_IPHONE_IPAD = YES;
				SWIFT_EMIT_LOC_STRINGS = YES;
				SWIFT_VERSION = 5.0;
				TARGETED_DEVICE_FAMILY = 1;
			};
			name = Debug;
		};
		9AB000DD2AAF0F7300DE7B86 /* Release */ = {
			isa = XCBuildConfiguration;
			buildSettings = {
				ASSETCATALOG_COMPILER_APPICON_NAME = AppIcon;
				ASSETCATALOG_COMPILER_GLOBAL_ACCENT_COLOR_NAME = AccentColor;
				CODE_SIGN_STYLE = Automatic;
				CURRENT_PROJECT_VERSION = 1;
				DEVELOPMENT_TEAM = 38NYX8Z2ND;
				GENERATE_INFOPLIST_FILE = YES;
				INFOPLIST_FILE = WordGame/Info.plist;
				INFOPLIST_KEY_UIApplicationSupportsIndirectInputEvents = YES;
				INFOPLIST_KEY_UILaunchStoryboardName = LaunchScreen;
				INFOPLIST_KEY_UIMainStoryboardFile = "";
				INFOPLIST_KEY_UISupportedInterfaceOrientations = UIInterfaceOrientationPortrait;
				INFOPLIST_KEY_UISupportedInterfaceOrientations_iPad = "UIInterfaceOrientationLandscapeLeft UIInterfaceOrientationLandscapeRight UIInterfaceOrientationPortrait UIInterfaceOrientationPortraitUpsideDown";
				LD_RUNPATH_SEARCH_PATHS = (
					"$(inherited)",
					"@executable_path/Frameworks",
				);
				MARKETING_VERSION = 1.0;
				PRODUCT_BUNDLE_IDENTIFIER = com.charmy.WordGame;
				PRODUCT_NAME = "$(TARGET_NAME)";
				SUPPORTED_PLATFORMS = "iphoneos iphonesimulator";
				SUPPORTS_MACCATALYST = NO;
				SUPPORTS_MAC_DESIGNED_FOR_IPHONE_IPAD = YES;
				SWIFT_EMIT_LOC_STRINGS = YES;
				SWIFT_VERSION = 5.0;
				TARGETED_DEVICE_FAMILY = 1;
			};
			name = Release;
		};
		9AB000DF2AAF0F7300DE7B86 /* Debug */ = {
			isa = XCBuildConfiguration;
			buildSettings = {
				ALWAYS_EMBED_SWIFT_STANDARD_LIBRARIES = YES;
				BUNDLE_LOADER = "$(TEST_HOST)";
				CODE_SIGN_STYLE = Automatic;
				CURRENT_PROJECT_VERSION = 1;
				DEVELOPMENT_TEAM = 38NYX8Z2ND;
				GENERATE_INFOPLIST_FILE = YES;
				IPHONEOS_DEPLOYMENT_TARGET = 16.4;
				MARKETING_VERSION = 1.0;
				PRODUCT_BUNDLE_IDENTIFIER = com.charmy.WordGameTests;
				PRODUCT_NAME = "$(TARGET_NAME)";
				SWIFT_EMIT_LOC_STRINGS = NO;
				SWIFT_VERSION = 5.0;
				TARGETED_DEVICE_FAMILY = "1,2";
				TEST_HOST = "$(BUILT_PRODUCTS_DIR)/WordGame.app/$(BUNDLE_EXECUTABLE_FOLDER_PATH)/WordGame";
			};
			name = Debug;
		};
		9AB000E02AAF0F7300DE7B86 /* Release */ = {
			isa = XCBuildConfiguration;
			buildSettings = {
				ALWAYS_EMBED_SWIFT_STANDARD_LIBRARIES = YES;
				BUNDLE_LOADER = "$(TEST_HOST)";
				CODE_SIGN_STYLE = Automatic;
				CURRENT_PROJECT_VERSION = 1;
				DEVELOPMENT_TEAM = 38NYX8Z2ND;
				GENERATE_INFOPLIST_FILE = YES;
				IPHONEOS_DEPLOYMENT_TARGET = 16.4;
				MARKETING_VERSION = 1.0;
				PRODUCT_BUNDLE_IDENTIFIER = com.charmy.WordGameTests;
				PRODUCT_NAME = "$(TARGET_NAME)";
				SWIFT_EMIT_LOC_STRINGS = NO;
				SWIFT_VERSION = 5.0;
				TARGETED_DEVICE_FAMILY = "1,2";
				TEST_HOST = "$(BUILT_PRODUCTS_DIR)/WordGame.app/$(BUNDLE_EXECUTABLE_FOLDER_PATH)/WordGame";
			};
			name = Release;
		};
		9AB000E22AAF0F7300DE7B86 /* Debug */ = {
			isa = XCBuildConfiguration;
			buildSettings = {
				ALWAYS_EMBED_SWIFT_STANDARD_LIBRARIES = YES;
				CODE_SIGN_STYLE = Automatic;
				CURRENT_PROJECT_VERSION = 1;
				DEVELOPMENT_TEAM = 38NYX8Z2ND;
				GENERATE_INFOPLIST_FILE = YES;
				MARKETING_VERSION = 1.0;
				PRODUCT_BUNDLE_IDENTIFIER = com.charmy.WordGameUITests;
				PRODUCT_NAME = "$(TARGET_NAME)";
				SWIFT_EMIT_LOC_STRINGS = NO;
				SWIFT_VERSION = 5.0;
				TARGETED_DEVICE_FAMILY = "1,2";
				TEST_TARGET_NAME = WordGame;
			};
			name = Debug;
		};
		9AB000E32AAF0F7300DE7B86 /* Release */ = {
			isa = XCBuildConfiguration;
			buildSettings = {
				ALWAYS_EMBED_SWIFT_STANDARD_LIBRARIES = YES;
				CODE_SIGN_STYLE = Automatic;
				CURRENT_PROJECT_VERSION = 1;
				DEVELOPMENT_TEAM = 38NYX8Z2ND;
				GENERATE_INFOPLIST_FILE = YES;
				MARKETING_VERSION = 1.0;
				PRODUCT_BUNDLE_IDENTIFIER = com.charmy.WordGameUITests;
				PRODUCT_NAME = "$(TARGET_NAME)";
				SWIFT_EMIT_LOC_STRINGS = NO;
				SWIFT_VERSION = 5.0;
				TARGETED_DEVICE_FAMILY = "1,2";
				TEST_TARGET_NAME = WordGame;
			};
			name = Release;
		};
/* End XCBuildConfiguration section */

/* Begin XCConfigurationList section */
		9AB000AC2AAF0F7200DE7B86 /* Build configuration list for PBXProject "WordGame" */ = {
			isa = XCConfigurationList;
			buildConfigurations = (
				9AB000D92AAF0F7300DE7B86 /* Debug */,
				9AB000DA2AAF0F7300DE7B86 /* Release */,
			);
			defaultConfigurationIsVisible = 0;
			defaultConfigurationName = Release;
		};
		9AB000DB2AAF0F7300DE7B86 /* Build configuration list for PBXNativeTarget "WordGame" */ = {
			isa = XCConfigurationList;
			buildConfigurations = (
				9AB000DC2AAF0F7300DE7B86 /* Debug */,
				9AB000DD2AAF0F7300DE7B86 /* Release */,
			);
			defaultConfigurationIsVisible = 0;
			defaultConfigurationName = Release;
		};
		9AB000DE2AAF0F7300DE7B86 /* Build configuration list for PBXNativeTarget "WordGameTests" */ = {
			isa = XCConfigurationList;
			buildConfigurations = (
				9AB000DF2AAF0F7300DE7B86 /* Debug */,
				9AB000E02AAF0F7300DE7B86 /* Release */,
			);
			defaultConfigurationIsVisible = 0;
			defaultConfigurationName = Release;
		};
		9AB000E12AAF0F7300DE7B86 /* Build configuration list for PBXNativeTarget "WordGameUITests" */ = {
			isa = XCConfigurationList;
			buildConfigurations = (
				9AB000E22AAF0F7300DE7B86 /* Debug */,
				9AB000E32AAF0F7300DE7B86 /* Release */,
			);
			defaultConfigurationIsVisible = 0;
			defaultConfigurationName = Release;
		};
/* End XCConfigurationList section */
	};
	rootObject = 9AB000A92AAF0F7200DE7B86 /* Project object */;
}
